
Microsoft Visual Studio Solution File, Format Version 12.00
# Visual Studio 2013
VisualStudioVersion = 12.0.30723.0
MinimumVisualStudioVersion = 10.0.40219.1
Project("{FAE04EC0-301F-11D3-BF4B-00C04F79EFBC}") = "超市收银系统", "超市收银系统\超市收银系统.csproj", "{0949BB64-0D88-452C-84B8-2FB7958BD9F4}"
EndProject
Project("{FAE04EC0-301F-11D3-BF4B-00C04F79EFBC}") = "_17GUID", "_17GUID\_17GUID.csproj", "{5D307664-A323-49C9-A44A-6ED0096AF140}"
EndProject
Global
	GlobalSection(SolutionConfigurationPlatforms) = preSolution
		Debug|Any CPU = Debug|Any CPU
		Release|Any CPU = Release|Any CPU
	EndGlobalSection
	GlobalSection(ProjectConfigurationPlatforms) = postSolution
		{0949BB64-0D88-452C-84B8-2FB7958BD9F4}.Debug|Any CPU.ActiveCfg = Debug|Any CPU
		{0949BB64-0D88-452C-84B8-2FB7958BD9F4}.Debug|Any CPU.Build.0 = Debug|Any CPU
		{0949BB64-0D88-452C-84B8-2FB7958BD9F4}.Release|Any CPU.ActiveCfg = Release|Any CPU
		{0949BB64-0D88-452C-84B8-2FB7958BD9F4}.Release|Any CPU.Build.0 = Release|Any CPU
		{5D307664-A323-49C9-A44A-6ED0096AF140}.Debug|Any CPU.ActiveCfg = Debug|Any CPU
		{5D307664-A323-49C9-A44A-6ED0096AF140}.Debug|Any CPU.Build.0 = Debug|Any CPU
		{5D307664-A323-49C9-A44A-6ED0096AF140}.Release|Any CPU.ActiveCfg = Release|Any CPU
		{5D307664-A323-49C9-A44A-6ED0096AF140}.Release|Any CPU.Build.0 = Release|Any CPU
	EndGlobalSection
	GlobalSection(SolutionProperties) = preSolution
		HideSolutionNode = FALSE
	EndGlobalSection
EndGlobal
